
Microsoft Visual Studio Solution File, Format Version 12.00
# Visual Studio Version 16
VisualStudioVersion = 16.0.28803.352
MinimumVisualStudioVersion = 10.0.40219.1
Project("{FAE04EC0-301F-11D3-BF4B-00C04F79EFBC}") = "csharp-Quanlynhasach", "csharp-Quanlynhasach.csproj", "{F6156948-DB47-4522-BE6C-527316BEA6D8}"
EndProject
Global
	GlobalSection(SolutionConfigurationPlatforms) = preSolution
		Debug|Any CPU = Debug|Any CPU
		Release|Any CPU = Release|Any CPU
	EndGlobalSection
	GlobalSection(ProjectConfigurationPlatforms) = postSolution
		{F6156948-DB47-4522-BE6C-527316BEA6D8}.Debug|Any CPU.ActiveCfg = Debug|Any CPU
		{F6156948-DB47-4522-BE6C-527316BEA6D8}.Debug|Any CPU.Build.0 = Debug|Any CPU
		{F6156948-DB47-4522-BE6C-527316BEA6D8}.Release|Any CPU.ActiveCfg = Release|Any CPU
		{F6156948-DB47-4522-BE6C-527316BEA6D8}.Release|Any CPU.Build.0 = Release|Any CPU
	EndGlobalSection
	GlobalSection(SolutionProperties) = preSolution
		HideSolutionNode = FALSE
	EndGlobalSection
	GlobalSection(ExtensibilityGlobals) = postSolution
		SolutionGuid = {12E06B71-63B7-46E4-9797-403A28523485}
	EndGlobalSection
EndGlobal
